
Microsoft Visual Studio Solution File, Format Version 12.00
# Visual Studio Version 17
VisualStudioVersion = 17.13.35919.96 d17.13
MinimumVisualStudioVersion = 10.0.40219.1
Project("{F2A71F9B-5D33-465A-A702-920D77279786}") = "Functions", "Functions.fsproj", "{9ED986BC-603C-4B87-82E0-046A1CECE3CA}"
EndProject
Global
	GlobalSection(SolutionConfigurationPlatforms) = preSolution
		Debug|Any CPU = Debug|Any CPU
		Release|Any CPU = Release|Any CPU
	EndGlobalSection
	GlobalSection(ProjectConfigurationPlatforms) = postSolution
		{9ED986BC-603C-4B87-82E0-046A1CECE3CA}.Debug|Any CPU.ActiveCfg = Debug|Any CPU
		{9ED986BC-603C-4B87-82E0-046A1CECE3CA}.Debug|Any CPU.Build.0 = Debug|Any CPU
		{9ED986BC-603C-4B87-82E0-046A1CECE3CA}.Release|Any CPU.ActiveCfg = Release|Any CPU
		{9ED986BC-603C-4B87-82E0-046A1CECE3CA}.Release|Any CPU.Build.0 = Release|Any CPU
	EndGlobalSection
	GlobalSection(SolutionProperties) = preSolution
		HideSolutionNode = FALSE
	EndGlobalSection
	GlobalSection(ExtensibilityGlobals) = postSolution
		SolutionGuid = {D20F1364-FBBB-46CD-9699-F66D8162C809}
	EndGlobalSection
EndGlobal
